
Microsoft Visual Studio Solution File, Format Version 12.00
# Visual Studio Version 17
VisualStudioVersion = 17.7.34009.444
MinimumVisualStudioVersion = 10.0.40219.1
Project("{9A19103F-16F7-4668-BE54-9A1E7A4F7556}") = "TrainingAbstractInterface", "TrainingAbstractInterface.csproj", "{9D1C9B3B-60D0-43D8-862A-FCBE9807F67C}"
EndProject
Global
	GlobalSection(SolutionConfigurationPlatforms) = preSolution
		Debug|Any CPU = Debug|Any CPU
		Release|Any CPU = Release|Any CPU
	EndGlobalSection
	GlobalSection(ProjectConfigurationPlatforms) = postSolution
		{9D1C9B3B-60D0-43D8-862A-FCBE9807F67C}.Debug|Any CPU.ActiveCfg = Debug|Any CPU
		{9D1C9B3B-60D0-43D8-862A-FCBE9807F67C}.Debug|Any CPU.Build.0 = Debug|Any CPU
		{9D1C9B3B-60D0-43D8-862A-FCBE9807F67C}.Release|Any CPU.ActiveCfg = Release|Any CPU
		{9D1C9B3B-60D0-43D8-862A-FCBE9807F67C}.Release|Any CPU.Build.0 = Release|Any CPU
	EndGlobalSection
	GlobalSection(SolutionProperties) = preSolution
		HideSolutionNode = FALSE
	EndGlobalSection
	GlobalSection(ExtensibilityGlobals) = postSolution
		SolutionGuid = {7EE954A0-789E-45B4-8BC1-B3B6FBCA3CA7}
	EndGlobalSection
EndGlobal
